
Microsoft Visual Studio Solution File, Format Version 12.00
# Visual Studio Version 16
VisualStudioVersion = 16.0.29519.181
MinimumVisualStudioVersion = 10.0.40219.1
Project("{2150E333-8FDC-42A3-9474-1A3956D46DE8}") = "Solution Items", "Solution Items", "{BB8997D2-E977-41A5-A4C1-ACB813D5546F}"
	ProjectSection(SolutionItems) = preProject
		README.md = README.md
	EndProjectSection
EndProject
Project("{9A19103F-16F7-4668-BE54-9A1E7A4F7556}") = "JrPricingDomain", "JrPricingDomain\JrPricingDomain.csproj", "{ACD80084-992F-4168-90C3-D587F7749845}"
EndProject
Project("{9A19103F-16F7-4668-BE54-9A1E7A4F7556}") = "JrPricingDomainUnitTest", "JrPricingDomainUnitTest\JrPricingDomainUnitTest.csproj", "{9EA42A79-1E75-41E9-AE25-8D67AA7B9211}"
EndProject
Project("{FAE04EC0-301F-11D3-BF4B-00C04F79EFBC}") = "JrPricingWebApplication", "JrPricingWebApplication\JrPricingWebApplication.csproj", "{1C056A0E-6C01-4CE8-9C70-C6DF1A0F25BF}"
EndProject
Project("{FAE04EC0-301F-11D3-BF4B-00C04F79EFBC}") = "JrPricingInfrastructure", "JrPricingInfrastructure\JrPricingInfrastructure.csproj", "{D32EA47E-91A1-418B-BD65-51130FBDB973}"
EndProject
Global
	GlobalSection(SolutionConfigurationPlatforms) = preSolution
		Debug|Any CPU = Debug|Any CPU
		Release|Any CPU = Release|Any CPU
	EndGlobalSection
	GlobalSection(ProjectConfigurationPlatforms) = postSolution
		{ACD80084-992F-4168-90C3-D587F7749845}.Debug|Any CPU.ActiveCfg = Debug|Any CPU
		{ACD80084-992F-4168-90C3-D587F7749845}.Debug|Any CPU.Build.0 = Debug|Any CPU
		{ACD80084-992F-4168-90C3-D587F7749845}.Release|Any CPU.ActiveCfg = Release|Any CPU
		{ACD80084-992F-4168-90C3-D587F7749845}.Release|Any CPU.Build.0 = Release|Any CPU
		{9EA42A79-1E75-41E9-AE25-8D67AA7B9211}.Debug|Any CPU.ActiveCfg = Debug|Any CPU
		{9EA42A79-1E75-41E9-AE25-8D67AA7B9211}.Debug|Any CPU.Build.0 = Debug|Any CPU
		{9EA42A79-1E75-41E9-AE25-8D67AA7B9211}.Release|Any CPU.ActiveCfg = Release|Any CPU
		{9EA42A79-1E75-41E9-AE25-8D67AA7B9211}.Release|Any CPU.Build.0 = Release|Any CPU
		{1C056A0E-6C01-4CE8-9C70-C6DF1A0F25BF}.Debug|Any CPU.ActiveCfg = Debug|Any CPU
		{1C056A0E-6C01-4CE8-9C70-C6DF1A0F25BF}.Debug|Any CPU.Build.0 = Debug|Any CPU
		{1C056A0E-6C01-4CE8-9C70-C6DF1A0F25BF}.Release|Any CPU.ActiveCfg = Release|Any CPU
		{1C056A0E-6C01-4CE8-9C70-C6DF1A0F25BF}.Release|Any CPU.Build.0 = Release|Any CPU
		{D32EA47E-91A1-418B-BD65-51130FBDB973}.Debug|Any CPU.ActiveCfg = Debug|Any CPU
		{D32EA47E-91A1-418B-BD65-51130FBDB973}.Debug|Any CPU.Build.0 = Debug|Any CPU
		{D32EA47E-91A1-418B-BD65-51130FBDB973}.Release|Any CPU.ActiveCfg = Release|Any CPU
		{D32EA47E-91A1-418B-BD65-51130FBDB973}.Release|Any CPU.Build.0 = Release|Any CPU
	EndGlobalSection
	GlobalSection(SolutionProperties) = preSolution
		HideSolutionNode = FALSE
	EndGlobalSection
	GlobalSection(ExtensibilityGlobals) = postSolution
		SolutionGuid = {C30CCBDB-81A8-4EDC-9A94-744D56C6AAFE}
	EndGlobalSection
EndGlobal
